
Microsoft Visual Studio Solution File, Format Version 12.00
# Visual Studio Version 16
VisualStudioVersion = 16.0.31129.286
MinimumVisualStudioVersion = 10.0.40219.1
Project("{FAE04EC0-301F-11D3-BF4B-00C04F79EFBC}") = "SharedModel", "SharedModel\SharedModel.csproj", "{95BA1347-3AC7-4E23-8E26-E2157CA9684C}"
EndProject
Global
	GlobalSection(SolutionConfigurationPlatforms) = preSolution
		Debug|Any CPU = Debug|Any CPU
		Release|Any CPU = Release|Any CPU
	EndGlobalSection
	GlobalSection(ProjectConfigurationPlatforms) = postSolution
		{95BA1347-3AC7-4E23-8E26-E2157CA9684C}.Debug|Any CPU.ActiveCfg = Debug|Any CPU
		{95BA1347-3AC7-4E23-8E26-E2157CA9684C}.Debug|Any CPU.Build.0 = Debug|Any CPU
		{95BA1347-3AC7-4E23-8E26-E2157CA9684C}.Release|Any CPU.ActiveCfg = Release|Any CPU
		{95BA1347-3AC7-4E23-8E26-E2157CA9684C}.Release|Any CPU.Build.0 = Release|Any CPU
	EndGlobalSection
	GlobalSection(SolutionProperties) = preSolution
		HideSolutionNode = FALSE
	EndGlobalSection
	GlobalSection(ExtensibilityGlobals) = postSolution
		SolutionGuid = {1617F00E-F200-47D0-93AE-DA4705A0498C}
	EndGlobalSection
EndGlobal
