
Microsoft Visual Studio Solution File, Format Version 12.00
# Visual Studio Version 16
VisualStudioVersion = 16.0.31129.286
MinimumVisualStudioVersion = 10.0.40219.1
Project("{FAE04EC0-301F-11D3-BF4B-00C04F79EFBC}") = "Evaluation", "Evaluation\Evaluation.csproj", "{1713CA6C-B20B-4A49-A7A9-D7C7CF712B82}"
EndProject
Global
	GlobalSection(SolutionConfigurationPlatforms) = preSolution
		Debug|Any CPU = Debug|Any CPU
		Release|Any CPU = Release|Any CPU
	EndGlobalSection
	GlobalSection(ProjectConfigurationPlatforms) = postSolution
		{1713CA6C-B20B-4A49-A7A9-D7C7CF712B82}.Debug|Any CPU.ActiveCfg = Debug|Any CPU
		{1713CA6C-B20B-4A49-A7A9-D7C7CF712B82}.Debug|Any CPU.Build.0 = Debug|Any CPU
		{1713CA6C-B20B-4A49-A7A9-D7C7CF712B82}.Release|Any CPU.ActiveCfg = Release|Any CPU
		{1713CA6C-B20B-4A49-A7A9-D7C7CF712B82}.Release|Any CPU.Build.0 = Release|Any CPU
	EndGlobalSection
	GlobalSection(SolutionProperties) = preSolution
		HideSolutionNode = FALSE
	EndGlobalSection
	GlobalSection(ExtensibilityGlobals) = postSolution
		SolutionGuid = {99831A1A-AF18-4F28-A129-B048038BC77C}
	EndGlobalSection
EndGlobal
